
Microsoft Visual Studio Solution File, Format Version 12.00
Project("{FAE04EC0-301F-11D3-BF4B-00C04F79EFBC}") = "Entity", "Entity\Entity.csproj", "{CDCBF6D5-4AF7-4200-8E24-492F3B6E5362}"
EndProject
Project("{FAE04EC0-301F-11D3-BF4B-00C04F79EFBC}") = "DataAccess", "DataAccess\DataAccess.csproj", "{E163999D-F59F-4A8A-B220-75F188D68499}"
EndProject
Project("{FAE04EC0-301F-11D3-BF4B-00C04F79EFBC}") = "Business", "Business\Business.csproj", "{3F3B85BD-7A99-48F6-935C-D20A00D39F09}"
EndProject
Project("{FAE04EC0-301F-11D3-BF4B-00C04F79EFBC}") = "Web", "Web\Web.csproj", "{CA40AF40-CB8B-4E73-B602-DAC9D14574E8}"
EndProject
Project("{FAE04EC0-301F-11D3-BF4B-00C04F79EFBC}") = "DTO", "DTO\DTO.csproj", "{99A4BE22-6ADB-4756-A5B5-21B167DA879D}"
EndProject
Global
	GlobalSection(SolutionConfigurationPlatforms) = preSolution
		Debug|Any CPU = Debug|Any CPU
		Release|Any CPU = Release|Any CPU
	EndGlobalSection
	GlobalSection(ProjectConfigurationPlatforms) = postSolution
		{CDCBF6D5-4AF7-4200-8E24-492F3B6E5362}.Debug|Any CPU.ActiveCfg = Debug|Any CPU
		{CDCBF6D5-4AF7-4200-8E24-492F3B6E5362}.Debug|Any CPU.Build.0 = Debug|Any CPU
		{CDCBF6D5-4AF7-4200-8E24-492F3B6E5362}.Release|Any CPU.ActiveCfg = Release|Any CPU
		{CDCBF6D5-4AF7-4200-8E24-492F3B6E5362}.Release|Any CPU.Build.0 = Release|Any CPU
		{E163999D-F59F-4A8A-B220-75F188D68499}.Debug|Any CPU.ActiveCfg = Debug|Any CPU
		{E163999D-F59F-4A8A-B220-75F188D68499}.Debug|Any CPU.Build.0 = Debug|Any CPU
		{E163999D-F59F-4A8A-B220-75F188D68499}.Release|Any CPU.ActiveCfg = Release|Any CPU
		{E163999D-F59F-4A8A-B220-75F188D68499}.Release|Any CPU.Build.0 = Release|Any CPU
		{3F3B85BD-7A99-48F6-935C-D20A00D39F09}.Debug|Any CPU.ActiveCfg = Debug|Any CPU
		{3F3B85BD-7A99-48F6-935C-D20A00D39F09}.Debug|Any CPU.Build.0 = Debug|Any CPU
		{3F3B85BD-7A99-48F6-935C-D20A00D39F09}.Release|Any CPU.ActiveCfg = Release|Any CPU
		{3F3B85BD-7A99-48F6-935C-D20A00D39F09}.Release|Any CPU.Build.0 = Release|Any CPU
		{CA40AF40-CB8B-4E73-B602-DAC9D14574E8}.Debug|Any CPU.ActiveCfg = Debug|Any CPU
		{CA40AF40-CB8B-4E73-B602-DAC9D14574E8}.Debug|Any CPU.Build.0 = Debug|Any CPU
		{CA40AF40-CB8B-4E73-B602-DAC9D14574E8}.Release|Any CPU.ActiveCfg = Release|Any CPU
		{CA40AF40-CB8B-4E73-B602-DAC9D14574E8}.Release|Any CPU.Build.0 = Release|Any CPU
		{99A4BE22-6ADB-4756-A5B5-21B167DA879D}.Debug|Any CPU.ActiveCfg = Debug|Any CPU
		{99A4BE22-6ADB-4756-A5B5-21B167DA879D}.Debug|Any CPU.Build.0 = Debug|Any CPU
		{99A4BE22-6ADB-4756-A5B5-21B167DA879D}.Release|Any CPU.ActiveCfg = Release|Any CPU
		{99A4BE22-6ADB-4756-A5B5-21B167DA879D}.Release|Any CPU.Build.0 = Release|Any CPU
	EndGlobalSection
EndGlobal
